
Microsoft Visual Studio Solution File, Format Version 12.00
# Visual Studio 15
VisualStudioVersion = 15.0.28307.136
MinimumVisualStudioVersion = 10.0.40219.1
Project("{FAE04EC0-301F-11D3-BF4B-00C04F79EFBC}") = "ParcInfo", "ParcInfo\ParcInfo.csproj", "{19242857-B54C-4214-ABCD-2BBE0A96613F}"
EndProject
Global
	GlobalSection(SolutionConfigurationPlatforms) = preSolution
		Debug|Any CPU = Debug|Any CPU
		Release|Any CPU = Release|Any CPU
	EndGlobalSection
	GlobalSection(ProjectConfigurationPlatforms) = postSolution
		{19242857-B54C-4214-ABCD-2BBE0A96613F}.Debug|Any CPU.ActiveCfg = Debug|Any CPU
		{19242857-B54C-4214-ABCD-2BBE0A96613F}.Debug|Any CPU.Build.0 = Debug|Any CPU
		{19242857-B54C-4214-ABCD-2BBE0A96613F}.Release|Any CPU.ActiveCfg = Release|Any CPU
		{19242857-B54C-4214-ABCD-2BBE0A96613F}.Release|Any CPU.Build.0 = Release|Any CPU
	EndGlobalSection
	GlobalSection(SolutionProperties) = preSolution
		HideSolutionNode = FALSE
	EndGlobalSection
	GlobalSection(ExtensibilityGlobals) = postSolution
		SolutionGuid = {60F36B07-718D-471D-8240-FAB7E597C8F2}
	EndGlobalSection
EndGlobal
